// !$*UTF8*$!
{
	archiveVersion = 1;
	classes = {
	};
	objectVersion = 46;
	objects = {

/* Begin PBXBuildFile section */
		27DAF354EEAF913FEF6BDF39 /* Pods_Workshops.framework in Frameworks */ = {isa = PBXBuildFile; fileRef = C8F33BED4FE22315BA85D379 /* Pods_Workshops.framework */; };
		4D3D81BD993EEA554DD30562 /* Pods_WorkshopsTests.framework in Frameworks */ = {isa = PBXBuildFile; fileRef = 4981D174DDCE0231B3BD9FE6 /* Pods_WorkshopsTests.framework */; };
		541B7DEB1D82C74F00CB3631 /* AppDelegate.swift in Sources */ = {isa = PBXBuildFile; fileRef = 541B7DEA1D82C74F00CB3631 /* AppDelegate.swift */; };
		541B7DED1D82C74F00CB3631 /* PokemonsListViewController.swift in Sources */ = {isa = PBXBuildFile; fileRef = 541B7DEC1D82C74F00CB3631 /* PokemonsListViewController.swift */; };
		541B7DF21D82C74F00CB3631 /* Assets.xcassets in Resources */ = {isa = PBXBuildFile; fileRef = 541B7DF11D82C74F00CB3631 /* Assets.xcassets */; };
		541B7DF51D82C74F00CB3631 /* LaunchScreen.storyboard in Resources */ = {isa = PBXBuildFile; fileRef = 541B7DF31D82C74F00CB3631 /* LaunchScreen.storyboard */; };
		541B7E051D83310700CB3631 /* Pokedex.swift in Sources */ = {isa = PBXBuildFile; fileRef = 541B7E041D83310700CB3631 /* Pokedex.swift */; };
		541B7E091D83442400CB3631 /* PokemonViewController.swift in Sources */ = {isa = PBXBuildFile; fileRef = 541B7E081D83442400CB3631 /* PokemonViewController.swift */; };
		54CA6B371D857FCA00B863A1 /* WorkshopsTests.swift in Sources */ = {isa = PBXBuildFile; fileRef = 54CA6B361D857FCA00B863A1 /* WorkshopsTests.swift */; };
		54CA6B391D8581FF00B863A1 /* PokemonProvider.swift in Sources */ = {isa = PBXBuildFile; fileRef = 54CA6B381D8581FF00B863A1 /* PokemonProvider.swift */; };
		54CA6B3B1D85827A00B863A1 /* PokemonProviderTests.swift in Sources */ = {isa = PBXBuildFile; fileRef = 54CA6B3A1D85827A00B863A1 /* PokemonProviderTests.swift */; };
		54CA6B3E1D8591A600B863A1 /* PokemonProviderSpec.swift in Sources */ = {isa = PBXBuildFile; fileRef = 54CA6B3D1D8591A600B863A1 /* PokemonProviderSpec.swift */; };
/* End PBXBuildFile section */

/* Begin PBXContainerItemProxy section */
		54CA6B301D857E1000B863A1 /* PBXContainerItemProxy */ = {
			isa = PBXContainerItemProxy;
			containerPortal = 541B7DDF1D82C74F00CB3631 /* Project object */;
			proxyType = 1;
			remoteGlobalIDString = 541B7DE61D82C74F00CB3631;
			remoteInfo = Workshops;
		};
/* End PBXContainerItemProxy section */

/* Begin PBXFileReference section */
		4981D174DDCE0231B3BD9FE6 /* Pods_WorkshopsTests.framework */ = {isa = PBXFileReference; explicitFileType = wrapper.framework; includeInIndex = 0; path = Pods_WorkshopsTests.framework; sourceTree = BUILT_PRODUCTS_DIR; };
		541B7DE71D82C74F00CB3631 /* Workshops.app */ = {isa = PBXFileReference; explicitFileType = wrapper.application; includeInIndex = 0; path = Workshops.app; sourceTree = BUILT_PRODUCTS_DIR; };
		541B7DEA1D82C74F00CB3631 /* AppDelegate.swift */ = {isa = PBXFileReference; lastKnownFileType = sourcecode.swift; path = AppDelegate.swift; sourceTree = "<group>"; };
		541B7DEC1D82C74F00CB3631 /* PokemonsListViewController.swift */ = {isa = PBXFileReference; lastKnownFileType = sourcecode.swift; path = PokemonsListViewController.swift; sourceTree = "<group>"; };
		541B7DF11D82C74F00CB3631 /* Assets.xcassets */ = {isa = PBXFileReference; lastKnownFileType = folder.assetcatalog; path = Assets.xcassets; sourceTree = "<group>"; };
		541B7DF41D82C74F00CB3631 /* Base */ = {isa = PBXFileReference; lastKnownFileType = file.storyboard; name = Base; path = Base.lproj/LaunchScreen.storyboard; sourceTree = "<group>"; };
		541B7DF61D82C74F00CB3631 /* Info.plist */ = {isa = PBXFileReference; lastKnownFileType = text.plist.xml; path = Info.plist; sourceTree = "<group>"; };
		541B7E041D83310700CB3631 /* Pokedex.swift */ = {isa = PBXFileReference; fileEncoding = 4; lastKnownFileType = sourcecode.swift; path = Pokedex.swift; sourceTree = "<group>"; };
		541B7E081D83442400CB3631 /* PokemonViewController.swift */ = {isa = PBXFileReference; fileEncoding = 4; lastKnownFileType = sourcecode.swift; path = PokemonViewController.swift; sourceTree = "<group>"; };
		54CA6B2B1D857E1000B863A1 /* WorkshopsTests.xctest */ = {isa = PBXFileReference; explicitFileType = wrapper.cfbundle; includeInIndex = 0; path = WorkshopsTests.xctest; sourceTree = BUILT_PRODUCTS_DIR; };
		54CA6B2F1D857E1000B863A1 /* Info.plist */ = {isa = PBXFileReference; lastKnownFileType = text.plist.xml; path = Info.plist; sourceTree = "<group>"; };
		54CA6B361D857FCA00B863A1 /* WorkshopsTests.swift */ = {isa = PBXFileReference; fileEncoding = 4; lastKnownFileType = sourcecode.swift; path = WorkshopsTests.swift; sourceTree = "<group>"; };
		54CA6B381D8581FF00B863A1 /* PokemonProvider.swift */ = {isa = PBXFileReference; fileEncoding = 4; lastKnownFileType = sourcecode.swift; path = PokemonProvider.swift; sourceTree = "<group>"; };
		54CA6B3A1D85827A00B863A1 /* PokemonProviderTests.swift */ = {isa = PBXFileReference; fileEncoding = 4; lastKnownFileType = sourcecode.swift; path = PokemonProviderTests.swift; sourceTree = "<group>"; };
		54CA6B3D1D8591A600B863A1 /* PokemonProviderSpec.swift */ = {isa = PBXFileReference; fileEncoding = 4; lastKnownFileType = sourcecode.swift; path = PokemonProviderSpec.swift; sourceTree = "<group>"; };
		8285D310AD2E79DDC731C8D1 /* Pods-WorkshopsTests.release.xcconfig */ = {isa = PBXFileReference; includeInIndex = 1; lastKnownFileType = text.xcconfig; name = "Pods-WorkshopsTests.release.xcconfig"; path = "Pods/Target Support Files/Pods-WorkshopsTests/Pods-WorkshopsTests.release.xcconfig"; sourceTree = "<group>"; };
		ABE05B43789C34F768A3BAD4 /* Pods-Workshops.debug.xcconfig */ = {isa = PBXFileReference; includeInIndex = 1; lastKnownFileType = text.xcconfig; name = "Pods-Workshops.debug.xcconfig"; path = "Pods/Target Support Files/Pods-Workshops/Pods-Workshops.debug.xcconfig"; sourceTree = "<group>"; };
		C8F33BED4FE22315BA85D379 /* Pods_Workshops.framework */ = {isa = PBXFileReference; explicitFileType = wrapper.framework; includeInIndex = 0; path = Pods_Workshops.framework; sourceTree = BUILT_PRODUCTS_DIR; };
		E66B6622A2A3B5A0F602EAB5 /* Pods-Workshops.release.xcconfig */ = {isa = PBXFileReference; includeInIndex = 1; lastKnownFileType = text.xcconfig; name = "Pods-Workshops.release.xcconfig"; path = "Pods/Target Support Files/Pods-Workshops/Pods-Workshops.release.xcconfig"; sourceTree = "<group>"; };
		F8EB15E1805015892C9602CB /* Pods-WorkshopsTests.debug.xcconfig */ = {isa = PBXFileReference; includeInIndex = 1; lastKnownFileType = text.xcconfig; name = "Pods-WorkshopsTests.debug.xcconfig"; path = "Pods/Target Support Files/Pods-WorkshopsTests/Pods-WorkshopsTests.debug.xcconfig"; sourceTree = "<group>"; };
/* End PBXFileReference section */

/* Begin PBXFrameworksBuildPhase section */
		541B7DE41D82C74F00CB3631 /* Frameworks */ = {
			isa = PBXFrameworksBuildPhase;
			buildActionMask = 2147483647;
			files = (
				27DAF354EEAF913FEF6BDF39 /* Pods_Workshops.framework in Frameworks */,
			);
			runOnlyForDeploymentPostprocessing = 0;
		};
		54CA6B281D857E1000B863A1 /* Frameworks */ = {
			isa = PBXFrameworksBuildPhase;
			buildActionMask = 2147483647;
			files = (
				4D3D81BD993EEA554DD30562 /* Pods_WorkshopsTests.framework in Frameworks */,
			);
			runOnlyForDeploymentPostprocessing = 0;
		};
/* End PBXFrameworksBuildPhase section */

/* Begin PBXGroup section */
		541B7DDE1D82C74F00CB3631 = {
			isa = PBXGroup;
			children = (
				541B7DE91D82C74F00CB3631 /* Workshops */,
				54CA6B2C1D857E1000B863A1 /* WorkshopsTests */,
				541B7DE81D82C74F00CB3631 /* Products */,
				D52CDFCD52974AF24A3DE13B /* Pods */,
				9A3C3D3E16E83562C953D971 /* Frameworks */,
			);
			sourceTree = "<group>";
		};
		541B7DE81D82C74F00CB3631 /* Products */ = {
			isa = PBXGroup;
			children = (
				541B7DE71D82C74F00CB3631 /* Workshops.app */,
				54CA6B2B1D857E1000B863A1 /* WorkshopsTests.xctest */,
			);
			name = Products;
			sourceTree = "<group>";
		};
		541B7DE91D82C74F00CB3631 /* Workshops */ = {
			isa = PBXGroup;
			children = (
				541B7DEA1D82C74F00CB3631 /* AppDelegate.swift */,
				541B7DEC1D82C74F00CB3631 /* PokemonsListViewController.swift */,
				541B7DF11D82C74F00CB3631 /* Assets.xcassets */,
				541B7DF31D82C74F00CB3631 /* LaunchScreen.storyboard */,
				541B7DF61D82C74F00CB3631 /* Info.plist */,
				541B7E041D83310700CB3631 /* Pokedex.swift */,
				541B7E081D83442400CB3631 /* PokemonViewController.swift */,
				54CA6B3C1D85829F00B863A1 /* PokemonProvider */,
			);
			path = Workshops;
			sourceTree = "<group>";
		};
		54CA6B2C1D857E1000B863A1 /* WorkshopsTests */ = {
			isa = PBXGroup;
			children = (
				54CA6B361D857FCA00B863A1 /* WorkshopsTests.swift */,
				54CA6B2F1D857E1000B863A1 /* Info.plist */,
			);
			path = WorkshopsTests;
			sourceTree = "<group>";
		};
		54CA6B3C1D85829F00B863A1 /* PokemonProvider */ = {
			isa = PBXGroup;
			children = (
				54CA6B381D8581FF00B863A1 /* PokemonProvider.swift */,
				54CA6B3A1D85827A00B863A1 /* PokemonProviderTests.swift */,
				54CA6B3D1D8591A600B863A1 /* PokemonProviderSpec.swift */,
			);
			name = PokemonProvider;
			sourceTree = "<group>";
		};
		9A3C3D3E16E83562C953D971 /* Frameworks */ = {
			isa = PBXGroup;
			children = (
				C8F33BED4FE22315BA85D379 /* Pods_Workshops.framework */,
				4981D174DDCE0231B3BD9FE6 /* Pods_WorkshopsTests.framework */,
			);
			name = Frameworks;
			sourceTree = "<group>";
		};
		D52CDFCD52974AF24A3DE13B /* Pods */ = {
			isa = PBXGroup;
			children = (
				ABE05B43789C34F768A3BAD4 /* Pods-Workshops.debug.xcconfig */,
				E66B6622A2A3B5A0F602EAB5 /* Pods-Workshops.release.xcconfig */,
				F8EB15E1805015892C9602CB /* Pods-WorkshopsTests.debug.xcconfig */,
				8285D310AD2E79DDC731C8D1 /* Pods-WorkshopsTests.release.xcconfig */,
			);
			name = Pods;
			sourceTree = "<group>";
		};
/* End PBXGroup section */

/* Begin PBXNativeTarget section */
		541B7DE61D82C74F00CB3631 /* Workshops */ = {
			isa = PBXNativeTarget;
			buildConfigurationList = 541B7DF91D82C74F00CB3631 /* Build configuration list for PBXNativeTarget "Workshops" */;
			buildPhases = (
				9D183D00BCE0F2A98E3F6884 /* [CP] Check Pods Manifest.lock */,
				541B7DE31D82C74F00CB3631 /* Sources */,
				541B7DE41D82C74F00CB3631 /* Frameworks */,
				541B7DE51D82C74F00CB3631 /* Resources */,
				B2CECE9A992B22179AA3148E /* [CP] Embed Pods Frameworks */,
				65F80377059212DC31BC8E30 /* [CP] Copy Pods Resources */,
				4E461E031D8597E3006D7D5B /* Swiftlint */,
			);
			buildRules = (
			);
			dependencies = (
			);
			name = Workshops;
			productName = Workshops;
			productReference = 541B7DE71D82C74F00CB3631 /* Workshops.app */;
			productType = "com.apple.product-type.application";
		};
		54CA6B2A1D857E1000B863A1 /* WorkshopsTests */ = {
			isa = PBXNativeTarget;
			buildConfigurationList = 54CA6B341D857E1000B863A1 /* Build configuration list for PBXNativeTarget "WorkshopsTests" */;
			buildPhases = (
				0D0BD5ECE4E83D1CEF573F6C /* [CP] Check Pods Manifest.lock */,
				54CA6B271D857E1000B863A1 /* Sources */,
				54CA6B281D857E1000B863A1 /* Frameworks */,
				54CA6B291D857E1000B863A1 /* Resources */,
				BC72742288D9D9B3197CA9BF /* [CP] Embed Pods Frameworks */,
				4B7C52C1D46D1431319190AD /* [CP] Copy Pods Resources */,
			);
			buildRules = (
			);
			dependencies = (
				54CA6B311D857E1000B863A1 /* PBXTargetDependency */,
			);
			name = WorkshopsTests;
			productName = WorkshopsTests;
			productReference = 54CA6B2B1D857E1000B863A1 /* WorkshopsTests.xctest */;
			productType = "com.apple.product-type.bundle.unit-test";
		};
/* End PBXNativeTarget section */

/* Begin PBXProject section */
		541B7DDF1D82C74F00CB3631 /* Project object */ = {
			isa = PBXProject;
			attributes = {
				LastSwiftUpdateCheck = 0730;
				LastUpgradeCheck = 0730;
				ORGANIZATIONNAME = "El Passion";
				TargetAttributes = {
					541B7DE61D82C74F00CB3631 = {
						CreatedOnToolsVersion = 7.3.1;
					};
					54CA6B2A1D857E1000B863A1 = {
						CreatedOnToolsVersion = 7.3.1;
						TestTargetID = 541B7DE61D82C74F00CB3631;
					};
				};
			};
			buildConfigurationList = 541B7DE21D82C74F00CB3631 /* Build configuration list for PBXProject "Workshops" */;
			compatibilityVersion = "Xcode 3.2";
			developmentRegion = English;
			hasScannedForEncodings = 0;
			knownRegions = (
				en,
				Base,
			);
			mainGroup = 541B7DDE1D82C74F00CB3631;
			productRefGroup = 541B7DE81D82C74F00CB3631 /* Products */;
			projectDirPath = "";
			projectRoot = "";
			targets = (
				541B7DE61D82C74F00CB3631 /* Workshops */,
				54CA6B2A1D857E1000B863A1 /* WorkshopsTests */,
			);
		};
/* End PBXProject section */

/* Begin PBXResourcesBuildPhase section */
		541B7DE51D82C74F00CB3631 /* Resources */ = {
			isa = PBXResourcesBuildPhase;
			buildActionMask = 2147483647;
			files = (
				541B7DF51D82C74F00CB3631 /* LaunchScreen.storyboard in Resources */,
				541B7DF21D82C74F00CB3631 /* Assets.xcassets in Resources */,
			);
			runOnlyForDeploymentPostprocessing = 0;
		};
		54CA6B291D857E1000B863A1 /* Resources */ = {
			isa = PBXResourcesBuildPhase;
			buildActionMask = 2147483647;
			files = (
			);
			runOnlyForDeploymentPostprocessing = 0;
		};
/* End PBXResourcesBuildPhase section */

/* Begin PBXShellScriptBuildPhase section */
		0D0BD5ECE4E83D1CEF573F6C /* [CP] Check Pods Manifest.lock */ = {
			isa = PBXShellScriptBuildPhase;
			buildActionMask = 2147483647;
			files = (
			);
			inputPaths = (
			);
			name = "[CP] Check Pods Manifest.lock";
			outputPaths = (
			);
			runOnlyForDeploymentPostprocessing = 0;
			shellPath = /bin/sh;
			shellScript = "diff \"${PODS_ROOT}/../Podfile.lock\" \"${PODS_ROOT}/Manifest.lock\" > /dev/null\nif [[ $? != 0 ]] ; then\n    cat << EOM\nerror: The sandbox is not in sync with the Podfile.lock. Run 'pod install' or update your CocoaPods installation.\nEOM\n    exit 1\nfi\n";
			showEnvVarsInLog = 0;
		};
		4B7C52C1D46D1431319190AD /* [CP] Copy Pods Resources */ = {
			isa = PBXShellScriptBuildPhase;
			buildActionMask = 2147483647;
			files = (
			);
			inputPaths = (
			);
			name = "[CP] Copy Pods Resources";
			outputPaths = (
			);
			runOnlyForDeploymentPostprocessing = 0;
			shellPath = /bin/sh;
			shellScript = "\"${SRCROOT}/Pods/Target Support Files/Pods-WorkshopsTests/Pods-WorkshopsTests-resources.sh\"\n";
			showEnvVarsInLog = 0;
		};
		4E461E031D8597E3006D7D5B /* Swiftlint */ = {
			isa = PBXShellScriptBuildPhase;
			buildActionMask = 2147483647;
			files = (
			);
			inputPaths = (
			);
			name = Swiftlint;
			outputPaths = (
			);
			runOnlyForDeploymentPostprocessing = 0;
			shellPath = /bin/sh;
			shellScript = "if which swiftlint >/dev/null; then\ncd Workshops/; swiftlint\nelse\necho \"warning: SwiftLint not installed, download from https://github.com/realm/SwiftLint\"\nfi";
		};
		65F80377059212DC31BC8E30 /* [CP] Copy Pods Resources */ = {
			isa = PBXShellScriptBuildPhase;
			buildActionMask = 2147483647;
			files = (
			);
			inputPaths = (
			);
			name = "[CP] Copy Pods Resources";
			outputPaths = (
			);
			runOnlyForDeploymentPostprocessing = 0;
			shellPath = /bin/sh;
			shellScript = "\"${SRCROOT}/Pods/Target Support Files/Pods-Workshops/Pods-Workshops-resources.sh\"\n";
			showEnvVarsInLog = 0;
		};
		9D183D00BCE0F2A98E3F6884 /* [CP] Check Pods Manifest.lock */ = {
			isa = PBXShellScriptBuildPhase;
			buildActionMask = 2147483647;
			files = (
			);
			inputPaths = (
			);
			name = "[CP] Check Pods Manifest.lock";
			outputPaths = (
			);
			runOnlyForDeploymentPostprocessing = 0;
			shellPath = /bin/sh;
			shellScript = "diff \"${PODS_ROOT}/../Podfile.lock\" \"${PODS_ROOT}/Manifest.lock\" > /dev/null\nif [[ $? != 0 ]] ; then\n    cat << EOM\nerror: The sandbox is not in sync with the Podfile.lock. Run 'pod install' or update your CocoaPods installation.\nEOM\n    exit 1\nfi\n";
			showEnvVarsInLog = 0;
		};
		B2CECE9A992B22179AA3148E /* [CP] Embed Pods Frameworks */ = {
			isa = PBXShellScriptBuildPhase;
			buildActionMask = 2147483647;
			files = (
			);
			inputPaths = (
			);
			name = "[CP] Embed Pods Frameworks";
			outputPaths = (
			);
			runOnlyForDeploymentPostprocessing = 0;
			shellPath = /bin/sh;
			shellScript = "\"${SRCROOT}/Pods/Target Support Files/Pods-Workshops/Pods-Workshops-frameworks.sh\"\n";
			showEnvVarsInLog = 0;
		};
		BC72742288D9D9B3197CA9BF /* [CP] Embed Pods Frameworks */ = {
			isa = PBXShellScriptBuildPhase;
			buildActionMask = 2147483647;
			files = (
			);
			inputPaths = (
			);
			name = "[CP] Embed Pods Frameworks";
			outputPaths = (
			);
			runOnlyForDeploymentPostprocessing = 0;
			shellPath = /bin/sh;
			shellScript = "\"${SRCROOT}/Pods/Target Support Files/Pods-WorkshopsTests/Pods-WorkshopsTests-frameworks.sh\"\n";
			showEnvVarsInLog = 0;
		};
/* End PBXShellScriptBuildPhase section */

/* Begin PBXSourcesBuildPhase section */
		541B7DE31D82C74F00CB3631 /* Sources */ = {
			isa = PBXSourcesBuildPhase;
			buildActionMask = 2147483647;
			files = (
				541B7DED1D82C74F00CB3631 /* PokemonsListViewController.swift in Sources */,
				54CA6B391D8581FF00B863A1 /* PokemonProvider.swift in Sources */,
				541B7DEB1D82C74F00CB3631 /* AppDelegate.swift in Sources */,
				541B7E091D83442400CB3631 /* PokemonViewController.swift in Sources */,
				541B7E051D83310700CB3631 /* Pokedex.swift in Sources */,
			);
			runOnlyForDeploymentPostprocessing = 0;
		};
		54CA6B271D857E1000B863A1 /* Sources */ = {
			isa = PBXSourcesBuildPhase;
			buildActionMask = 2147483647;
			files = (
				54CA6B3B1D85827A00B863A1 /* PokemonProviderTests.swift in Sources */,
				54CA6B3E1D8591A600B863A1 /* PokemonProviderSpec.swift in Sources */,
				54CA6B371D857FCA00B863A1 /* WorkshopsTests.swift in Sources */,
			);
			runOnlyForDeploymentPostprocessing = 0;
		};
/* End PBXSourcesBuildPhase section */

/* Begin PBXTargetDependency section */
		54CA6B311D857E1000B863A1 /* PBXTargetDependency */ = {
			isa = PBXTargetDependency;
			target = 541B7DE61D82C74F00CB3631 /* Workshops */;
			targetProxy = 54CA6B301D857E1000B863A1 /* PBXContainerItemProxy */;
		};
/* End PBXTargetDependency section */

/* Begin PBXVariantGroup section */
		541B7DF31D82C74F00CB3631 /* LaunchScreen.storyboard */ = {
			isa = PBXVariantGroup;
			children = (
				541B7DF41D82C74F00CB3631 /* Base */,
			);
			name = LaunchScreen.storyboard;
			sourceTree = "<group>";
		};
/* End PBXVariantGroup section */

/* Begin XCBuildConfiguration section */
		541B7DF71D82C74F00CB3631 /* Debug */ = {
			isa = XCBuildConfiguration;
			buildSettings = {
				ALWAYS_SEARCH_USER_PATHS = NO;
				CLANG_ANALYZER_NONNULL = YES;
				CLANG_CXX_LANGUAGE_STANDARD = "gnu++0x";
				CLANG_CXX_LIBRARY = "libc++";
				CLANG_ENABLE_MODULES = YES;
				CLANG_ENABLE_OBJC_ARC = YES;
				CLANG_WARN_BOOL_CONVERSION = YES;
				CLANG_WARN_CONSTANT_CONVERSION = YES;
				CLANG_WARN_DIRECT_OBJC_ISA_USAGE = YES_ERROR;
				CLANG_WARN_EMPTY_BODY = YES;
				CLANG_WARN_ENUM_CONVERSION = YES;
				CLANG_WARN_INT_CONVERSION = YES;
				CLANG_WARN_OBJC_ROOT_CLASS = YES_ERROR;
				CLANG_WARN_UNREACHABLE_CODE = YES;
				CLANG_WARN__DUPLICATE_METHOD_MATCH = YES;
				"CODE_SIGN_IDENTITY[sdk=iphoneos*]" = "iPhone Developer";
				COPY_PHASE_STRIP = NO;
				DEBUG_INFORMATION_FORMAT = dwarf;
				ENABLE_STRICT_OBJC_MSGSEND = YES;
				ENABLE_TESTABILITY = YES;
				GCC_C_LANGUAGE_STANDARD = gnu99;
				GCC_DYNAMIC_NO_PIC = NO;
				GCC_NO_COMMON_BLOCKS = YES;
				GCC_OPTIMIZATION_LEVEL = 0;
				GCC_PREPROCESSOR_DEFINITIONS = (
					"DEBUG=1",
					"$(inherited)",
				);
				GCC_WARN_64_TO_32_BIT_CONVERSION = YES;
				GCC_WARN_ABOUT_RETURN_TYPE = YES_ERROR;
				GCC_WARN_UNDECLARED_SELECTOR = YES;
				GCC_WARN_UNINITIALIZED_AUTOS = YES_AGGRESSIVE;
				GCC_WARN_UNUSED_FUNCTION = YES;
				GCC_WARN_UNUSED_VARIABLE = YES;
				IPHONEOS_DEPLOYMENT_TARGET = 9.3;
				MTL_ENABLE_DEBUG_INFO = YES;
				ONLY_ACTIVE_ARCH = YES;
				SDKROOT = iphoneos;
				SWIFT_OPTIMIZATION_LEVEL = "-Onone";
			};
			name = Debug;
		};
		541B7DF81D82C74F00CB3631 /* Release */ = {
			isa = XCBuildConfiguration;
			buildSettings = {
				ALWAYS_SEARCH_USER_PATHS = NO;
				CLANG_ANALYZER_NONNULL = YES;
				CLANG_CXX_LANGUAGE_STANDARD = "gnu++0x";
				CLANG_CXX_LIBRARY = "libc++";
				CLANG_ENABLE_MODULES = YES;
				CLANG_ENABLE_OBJC_ARC = YES;
				CLANG_WARN_BOOL_CONVERSION = YES;
				CLANG_WARN_CONSTANT_CONVERSION = YES;
				CLANG_WARN_DIRECT_OBJC_ISA_USAGE = YES_ERROR;
				CLANG_WARN_EMPTY_BODY = YES;
				CLANG_WARN_ENUM_CONVERSION = YES;
				CLANG_WARN_INT_CONVERSION = YES;
				CLANG_WARN_OBJC_ROOT_CLASS = YES_ERROR;
				CLANG_WARN_UNREACHABLE_CODE = YES;
				CLANG_WARN__DUPLICATE_METHOD_MATCH = YES;
				"CODE_SIGN_IDENTITY[sdk=iphoneos*]" = "iPhone Developer";
				COPY_PHASE_STRIP = NO;
				DEBUG_INFORMATION_FORMAT = "dwarf-with-dsym";
				ENABLE_NS_ASSERTIONS = NO;
				ENABLE_STRICT_OBJC_MSGSEND = YES;
				GCC_C_LANGUAGE_STANDARD = gnu99;
				GCC_NO_COMMON_BLOCKS = YES;
				GCC_WARN_64_TO_32_BIT_CONVERSION = YES;
				GCC_WARN_ABOUT_RETURN_TYPE = YES_ERROR;
				GCC_WARN_UNDECLARED_SELECTOR = YES;
				GCC_WARN_UNINITIALIZED_AUTOS = YES_AGGRESSIVE;
				GCC_WARN_UNUSED_FUNCTION = YES;
				GCC_WARN_UNUSED_VARIABLE = YES;
				IPHONEOS_DEPLOYMENT_TARGET = 9.3;
				MTL_ENABLE_DEBUG_INFO = NO;
				SDKROOT = iphoneos;
				VALIDATE_PRODUCT = YES;
			};
			name = Release;
		};
		541B7DFA1D82C74F00CB3631 /* Debug */ = {
			isa = XCBuildConfiguration;
			baseConfigurationReference = ABE05B43789C34F768A3BAD4 /* Pods-Workshops.debug.xcconfig */;
			buildSettings = {
				ASSETCATALOG_COMPILER_APPICON_NAME = AppIcon;
				INFOPLIST_FILE = Workshops/Info.plist;
				LD_RUNPATH_SEARCH_PATHS = "$(inherited) @executable_path/Frameworks";
				PRODUCT_BUNDLE_IDENTIFIER = com.elpassion.Workshops;
				PRODUCT_NAME = "$(TARGET_NAME)";
			};
			name = Debug;
		};
		541B7DFB1D82C74F00CB3631 /* Release */ = {
			isa = XCBuildConfiguration;
			baseConfigurationReference = E66B6622A2A3B5A0F602EAB5 /* Pods-Workshops.release.xcconfig */;
			buildSettings = {
				ASSETCATALOG_COMPILER_APPICON_NAME = AppIcon;
				INFOPLIST_FILE = Workshops/Info.plist;
				LD_RUNPATH_SEARCH_PATHS = "$(inherited) @executable_path/Frameworks";
				PRODUCT_BUNDLE_IDENTIFIER = com.elpassion.Workshops;
				PRODUCT_NAME = "$(TARGET_NAME)";
			};
			name = Release;
		};
		54CA6B321D857E1000B863A1 /* Debug */ = {
			isa = XCBuildConfiguration;
			baseConfigurationReference = F8EB15E1805015892C9602CB /* Pods-WorkshopsTests.debug.xcconfig */;
			buildSettings = {
				BUNDLE_LOADER = "$(TEST_HOST)";
				INFOPLIST_FILE = WorkshopsTests/Info.plist;
				LD_RUNPATH_SEARCH_PATHS = "$(inherited) @executable_path/Frameworks @loader_path/Frameworks";
				PRODUCT_BUNDLE_IDENTIFIER = com.elpassion.WorkshopsTests;
				PRODUCT_NAME = "$(TARGET_NAME)";
				TEST_HOST = "$(BUILT_PRODUCTS_DIR)/Workshops.app/Workshops";
			};
			name = Debug;
		};
		54CA6B331D857E1000B863A1 /* Release */ = {
			isa = XCBuildConfiguration;
			baseConfigurationReference = 8285D310AD2E79DDC731C8D1 /* Pods-WorkshopsTests.release.xcconfig */;
			buildSettings = {
				BUNDLE_LOADER = "$(TEST_HOST)";
				INFOPLIST_FILE = WorkshopsTests/Info.plist;
				LD_RUNPATH_SEARCH_PATHS = "$(inherited) @executable_path/Frameworks @loader_path/Frameworks";
				PRODUCT_BUNDLE_IDENTIFIER = com.elpassion.WorkshopsTests;
				PRODUCT_NAME = "$(TARGET_NAME)";
				TEST_HOST = "$(BUILT_PRODUCTS_DIR)/Workshops.app/Workshops";
			};
			name = Release;
		};
/* End XCBuildConfiguration section */

/* Begin XCConfigurationList section */
		541B7DE21D82C74F00CB3631 /* Build configuration list for PBXProject "Workshops" */ = {
			isa = XCConfigurationList;
			buildConfigurations = (
				541B7DF71D82C74F00CB3631 /* Debug */,
				541B7DF81D82C74F00CB3631 /* Release */,
			);
			defaultConfigurationIsVisible = 0;
			defaultConfigurationName = Release;
		};
		541B7DF91D82C74F00CB3631 /* Build configuration list for PBXNativeTarget "Workshops" */ = {
			isa = XCConfigurationList;
			buildConfigurations = (
				541B7DFA1D82C74F00CB3631 /* Debug */,
				541B7DFB1D82C74F00CB3631 /* Release */,
			);
			defaultConfigurationIsVisible = 0;
			defaultConfigurationName = Release;
		};
		54CA6B341D857E1000B863A1 /* Build configuration list for PBXNativeTarget "WorkshopsTests" */ = {
			isa = XCConfigurationList;
			buildConfigurations = (
				54CA6B321D857E1000B863A1 /* Debug */,
				54CA6B331D857E1000B863A1 /* Release */,
			);
			defaultConfigurationIsVisible = 0;
			defaultConfigurationName = Release;
		};
/* End XCConfigurationList section */
	};
	rootObject = 541B7DDF1D82C74F00CB3631 /* Project object */;
}
